
Microsoft Visual Studio Solution File, Format Version 12.00
# Visual Studio Version 17
VisualStudioVersion = 17.4.33205.214
MinimumVisualStudioVersion = 10.0.40219.1
Project("{2150E333-8FDC-42A3-9474-1A3956D46DE8}") = "src", "src", "{279F8491-09E1-482F-A07C-4DB90D4CC065}"
EndProject
Project("{2150E333-8FDC-42A3-9474-1A3956D46DE8}") = "tests", "tests", "{D94E4743-4A65-45E0-B1E7-79672E7892F0}"
EndProject
Project("{9A19103F-16F7-4668-BE54-9A1E7A4F7556}") = "Domain", "src\Domain\Domain.csproj", "{24840893-9B1F-48A9-B7BB-CE53466730AF}"
EndProject
Project("{9A19103F-16F7-4668-BE54-9A1E7A4F7556}") = "Infrastructure", "src\Infrastructure\Infrastructure.csproj", "{896BC060-1FE9-4E10-A717-EF6D5C3D6A0C}"
EndProject
Project("{9A19103F-16F7-4668-BE54-9A1E7A4F7556}") = "Application", "src\Application\Application.csproj", "{355B8891-1938-4963-87B0-DC579B923C5B}"
EndProject
Project("{E53339B2-1760-4266-BCC7-CA923CBCF16C}") = "docker-compose", "docker-compose.dcproj", "{8AB62AE9-1CDC-46D5-9153-A2EBCC34D4C9}"
EndProject
Project("{9A19103F-16F7-4668-BE54-9A1E7A4F7556}") = "WebApi", "src\WebApi\WebApi.csproj", "{D1BD2587-5FD4-456F-ACCE-0857EF5A6C7F}"
EndProject
Project("{9A19103F-16F7-4668-BE54-9A1E7A4F7556}") = "WebUI", "src\WebUI\WebUI.csproj", "{D1383C88-4C92-429E-B184-7C4E72EA38AF}"
EndProject
Project("{9A19103F-16F7-4668-BE54-9A1E7A4F7556}") = "WebApi.Client", "src\WebApi.Client\WebApi.Client.csproj", "{873EAFDE-CEEB-483D-A933-0393598F2B74}"
EndProject
Project("{9A19103F-16F7-4668-BE54-9A1E7A4F7556}") = "AcceptanceTests", "tests\AcceptanceTests\AcceptanceTests.csproj", "{48197051-0290-4650-B58C-FE1D816A418A}"
EndProject
Global
	GlobalSection(SolutionConfigurationPlatforms) = preSolution
		Debug|Any CPU = Debug|Any CPU
		Release|Any CPU = Release|Any CPU
	EndGlobalSection
	GlobalSection(ProjectConfigurationPlatforms) = postSolution
		{24840893-9B1F-48A9-B7BB-CE53466730AF}.Debug|Any CPU.ActiveCfg = Debug|Any CPU
		{24840893-9B1F-48A9-B7BB-CE53466730AF}.Debug|Any CPU.Build.0 = Debug|Any CPU
		{24840893-9B1F-48A9-B7BB-CE53466730AF}.Release|Any CPU.ActiveCfg = Release|Any CPU
		{24840893-9B1F-48A9-B7BB-CE53466730AF}.Release|Any CPU.Build.0 = Release|Any CPU
		{896BC060-1FE9-4E10-A717-EF6D5C3D6A0C}.Debug|Any CPU.ActiveCfg = Debug|Any CPU
		{896BC060-1FE9-4E10-A717-EF6D5C3D6A0C}.Debug|Any CPU.Build.0 = Debug|Any CPU
		{896BC060-1FE9-4E10-A717-EF6D5C3D6A0C}.Release|Any CPU.ActiveCfg = Release|Any CPU
		{896BC060-1FE9-4E10-A717-EF6D5C3D6A0C}.Release|Any CPU.Build.0 = Release|Any CPU
		{355B8891-1938-4963-87B0-DC579B923C5B}.Debug|Any CPU.ActiveCfg = Debug|Any CPU
		{355B8891-1938-4963-87B0-DC579B923C5B}.Debug|Any CPU.Build.0 = Debug|Any CPU
		{355B8891-1938-4963-87B0-DC579B923C5B}.Release|Any CPU.ActiveCfg = Release|Any CPU
		{355B8891-1938-4963-87B0-DC579B923C5B}.Release|Any CPU.Build.0 = Release|Any CPU
		{8AB62AE9-1CDC-46D5-9153-A2EBCC34D4C9}.Debug|Any CPU.ActiveCfg = Debug|Any CPU
		{8AB62AE9-1CDC-46D5-9153-A2EBCC34D4C9}.Debug|Any CPU.Build.0 = Debug|Any CPU
		{8AB62AE9-1CDC-46D5-9153-A2EBCC34D4C9}.Release|Any CPU.ActiveCfg = Release|Any CPU
		{8AB62AE9-1CDC-46D5-9153-A2EBCC34D4C9}.Release|Any CPU.Build.0 = Release|Any CPU
		{D1BD2587-5FD4-456F-ACCE-0857EF5A6C7F}.Debug|Any CPU.ActiveCfg = Debug|Any CPU
		{D1BD2587-5FD4-456F-ACCE-0857EF5A6C7F}.Debug|Any CPU.Build.0 = Debug|Any CPU
		{D1BD2587-5FD4-456F-ACCE-0857EF5A6C7F}.Release|Any CPU.ActiveCfg = Release|Any CPU
		{D1BD2587-5FD4-456F-ACCE-0857EF5A6C7F}.Release|Any CPU.Build.0 = Release|Any CPU
		{D1383C88-4C92-429E-B184-7C4E72EA38AF}.Debug|Any CPU.ActiveCfg = Debug|Any CPU
		{D1383C88-4C92-429E-B184-7C4E72EA38AF}.Debug|Any CPU.Build.0 = Debug|Any CPU
		{D1383C88-4C92-429E-B184-7C4E72EA38AF}.Release|Any CPU.ActiveCfg = Release|Any CPU
		{D1383C88-4C92-429E-B184-7C4E72EA38AF}.Release|Any CPU.Build.0 = Release|Any CPU
		{873EAFDE-CEEB-483D-A933-0393598F2B74}.Debug|Any CPU.ActiveCfg = Debug|Any CPU
		{873EAFDE-CEEB-483D-A933-0393598F2B74}.Debug|Any CPU.Build.0 = Debug|Any CPU
		{873EAFDE-CEEB-483D-A933-0393598F2B74}.Release|Any CPU.ActiveCfg = Release|Any CPU
		{873EAFDE-CEEB-483D-A933-0393598F2B74}.Release|Any CPU.Build.0 = Release|Any CPU
		{48197051-0290-4650-B58C-FE1D816A418A}.Debug|Any CPU.ActiveCfg = Debug|Any CPU
		{48197051-0290-4650-B58C-FE1D816A418A}.Debug|Any CPU.Build.0 = Debug|Any CPU
		{48197051-0290-4650-B58C-FE1D816A418A}.Release|Any CPU.ActiveCfg = Release|Any CPU
		{48197051-0290-4650-B58C-FE1D816A418A}.Release|Any CPU.Build.0 = Release|Any CPU
	EndGlobalSection
	GlobalSection(SolutionProperties) = preSolution
		HideSolutionNode = FALSE
	EndGlobalSection
	GlobalSection(NestedProjects) = preSolution
		{24840893-9B1F-48A9-B7BB-CE53466730AF} = {279F8491-09E1-482F-A07C-4DB90D4CC065}
		{896BC060-1FE9-4E10-A717-EF6D5C3D6A0C} = {279F8491-09E1-482F-A07C-4DB90D4CC065}
		{355B8891-1938-4963-87B0-DC579B923C5B} = {279F8491-09E1-482F-A07C-4DB90D4CC065}
		{D1BD2587-5FD4-456F-ACCE-0857EF5A6C7F} = {279F8491-09E1-482F-A07C-4DB90D4CC065}
		{D1383C88-4C92-429E-B184-7C4E72EA38AF} = {279F8491-09E1-482F-A07C-4DB90D4CC065}
		{873EAFDE-CEEB-483D-A933-0393598F2B74} = {279F8491-09E1-482F-A07C-4DB90D4CC065}
		{48197051-0290-4650-B58C-FE1D816A418A} = {D94E4743-4A65-45E0-B1E7-79672E7892F0}
	EndGlobalSection
	GlobalSection(ExtensibilityGlobals) = postSolution
		SolutionGuid = {4B5A26C9-68C1-49D9-9F32-AF907A1730C2}
	EndGlobalSection
EndGlobal
